
Microsoft Visual Studio Solution File, Format Version 12.00
# Visual Studio 15
Project("{FAE04EC0-301F-11D3-BF4B-00C04F79EFBC}") = "MR_ComputerVision", "MR_ComputerVision.csproj", "{B52FB732-9A18-9A5C-4CFD-8C12BD7018EF}"
EndProject
Project("{FAE04EC0-301F-11D3-BF4B-00C04F79EFBC}") = "MR_ComputerVision.Editor", "MR_ComputerVision.Editor.csproj", "{A6317141-5479-A174-4FAB-B19EDE805408}"
EndProject
Global
	GlobalSection(SolutionConfigurationPlatforms) = preSolution
		Debug|Any CPU = Debug|Any CPU
		Release|Any CPU = Release|Any CPU
	EndGlobalSection
	GlobalSection(ProjectConfigurationPlatforms) = postSolution
		{B52FB732-9A18-9A5C-4CFD-8C12BD7018EF}.Debug|Any CPU.ActiveCfg = Debug|Any CPU
		{B52FB732-9A18-9A5C-4CFD-8C12BD7018EF}.Debug|Any CPU.Build.0 = Debug|Any CPU
		{B52FB732-9A18-9A5C-4CFD-8C12BD7018EF}.Release|Any CPU.ActiveCfg = Release|Any CPU
		{B52FB732-9A18-9A5C-4CFD-8C12BD7018EF}.Release|Any CPU.Build.0 = Release|Any CPU
		{A6317141-5479-A174-4FAB-B19EDE805408}.Debug|Any CPU.ActiveCfg = Debug|Any CPU
		{A6317141-5479-A174-4FAB-B19EDE805408}.Debug|Any CPU.Build.0 = Debug|Any CPU
		{A6317141-5479-A174-4FAB-B19EDE805408}.Release|Any CPU.ActiveCfg = Release|Any CPU
		{A6317141-5479-A174-4FAB-B19EDE805408}.Release|Any CPU.Build.0 = Release|Any CPU
	EndGlobalSection
	GlobalSection(SolutionProperties) = preSolution
		HideSolutionNode = FALSE
	EndGlobalSection
EndGlobal
